
Microsoft Visual Studio Solution File, Format Version 12.00
# Visual Studio 2013
VisualStudioVersion = 12.0.21005.1
MinimumVisualStudioVersion = 10.0.40219.1
Project("{2150E333-8FDC-42A3-9474-1A3956D46DE8}") = "Bussines", "Bussines", "{54C67347-DB2E-4178-AE29-F0B1F958EC01}"
EndProject
Project("{2150E333-8FDC-42A3-9474-1A3956D46DE8}") = "Data", "Data", "{0A5527CA-13FE-4E5D-A2FA-1E6590D7E296}"
EndProject
Project("{2150E333-8FDC-42A3-9474-1A3956D46DE8}") = "UI", "UI", "{6B1280D2-0A60-43B6-9A43-47B46A9E7D08}"
EndProject
Project("{2150E333-8FDC-42A3-9474-1A3956D46DE8}") = "WebClient", "WebClient", "{FAF4B418-FACD-4AF8-AB38-8B1FD2EB8369}"
EndProject
Project("{2150E333-8FDC-42A3-9474-1A3956D46DE8}") = "ShippingMethods", "ShippingMethods", "{B097E089-8988-4815-8D2B-41D22B6753D7}"
EndProject
Project("{2150E333-8FDC-42A3-9474-1A3956D46DE8}") = "Webservice", "Webservice", "{46403179-7DBD-49FD-91D5-DAAA34FDA499}"
EndProject
Project("{2150E333-8FDC-42A3-9474-1A3956D46DE8}") = "EmailService", "EmailService", "{34FB891F-5124-4EB9-9AFD-BF0B2B37FBA0}"
EndProject
Project("{FAE04EC0-301F-11D3-BF4B-00C04F79EFBC}") = "Solution.Data", "Solution.Data\Solution.Data.csproj", "{924D252B-00F2-4770-A15F-E5EAEEF6CF53}"
EndProject
Project("{FAE04EC0-301F-11D3-BF4B-00C04F79EFBC}") = "Solution.Bussines.Entities", "Solution.Bussines.Entities\Solution.Bussines.Entities.csproj", "{B3730D59-EED4-47E0-B86F-51AEA4738CF2}"
EndProject
Project("{FAE04EC0-301F-11D3-BF4B-00C04F79EFBC}") = "Solution.UI.Web", "Solution.UI.Web\Solution.UI.Web.csproj", "{4846C8E5-BD29-4B64-ABAA-AAE71B789961}"
	ProjectSection(ProjectDependencies) = postProject
		{B301DA58-E84C-4B83-B83E-EBD0802C1322} = {B301DA58-E84C-4B83-B83E-EBD0802C1322}
	EndProjectSection
EndProject
Project("{FAE04EC0-301F-11D3-BF4B-00C04F79EFBC}") = "Solution.Bussines.Components", "Solution.Bussines.Components\Solution.Bussines.Components.csproj", "{B7552DED-9C4B-430C-B027-473476646CBF}"
EndProject
Project("{FAE04EC0-301F-11D3-BF4B-00C04F79EFBC}") = "Solution.ShippingMethods", "Solution.ShippingMethods\Solution.ShippingMethods.csproj", "{B301DA58-E84C-4B83-B83E-EBD0802C1322}"
EndProject
Project("{2150E333-8FDC-42A3-9474-1A3956D46DE8}") = "Microsoftnav", "Microsoftnav", "{8A5E14A6-9130-4CD3-A6E6-D2D1AE8D8F3D}"
EndProject
Project("{FAE04EC0-301F-11D3-BF4B-00C04F79EFBC}") = "Navxmlvalidation", "..\Nav25apr\Microsoftnav\Navxmlvalidation\Navxmlvalidation.csproj", "{535EC693-52E7-40A0-91DD-3443C68EB420}"
EndProject
Global
	GlobalSection(SolutionConfigurationPlatforms) = preSolution
		Debug|Any CPU = Debug|Any CPU
		Release|Any CPU = Release|Any CPU
	EndGlobalSection
	GlobalSection(ProjectConfigurationPlatforms) = postSolution
		{924D252B-00F2-4770-A15F-E5EAEEF6CF53}.Debug|Any CPU.ActiveCfg = Debug|Any CPU
		{924D252B-00F2-4770-A15F-E5EAEEF6CF53}.Debug|Any CPU.Build.0 = Debug|Any CPU
		{924D252B-00F2-4770-A15F-E5EAEEF6CF53}.Release|Any CPU.ActiveCfg = Release|Any CPU
		{924D252B-00F2-4770-A15F-E5EAEEF6CF53}.Release|Any CPU.Build.0 = Release|Any CPU
		{B3730D59-EED4-47E0-B86F-51AEA4738CF2}.Debug|Any CPU.ActiveCfg = Debug|Any CPU
		{B3730D59-EED4-47E0-B86F-51AEA4738CF2}.Debug|Any CPU.Build.0 = Debug|Any CPU
		{B3730D59-EED4-47E0-B86F-51AEA4738CF2}.Release|Any CPU.ActiveCfg = Release|Any CPU
		{B3730D59-EED4-47E0-B86F-51AEA4738CF2}.Release|Any CPU.Build.0 = Release|Any CPU
		{4846C8E5-BD29-4B64-ABAA-AAE71B789961}.Debug|Any CPU.ActiveCfg = Debug|Any CPU
		{4846C8E5-BD29-4B64-ABAA-AAE71B789961}.Debug|Any CPU.Build.0 = Debug|Any CPU
		{4846C8E5-BD29-4B64-ABAA-AAE71B789961}.Release|Any CPU.ActiveCfg = Release|Any CPU
		{4846C8E5-BD29-4B64-ABAA-AAE71B789961}.Release|Any CPU.Build.0 = Release|Any CPU
		{B7552DED-9C4B-430C-B027-473476646CBF}.Debug|Any CPU.ActiveCfg = Debug|Any CPU
		{B7552DED-9C4B-430C-B027-473476646CBF}.Debug|Any CPU.Build.0 = Debug|Any CPU
		{B7552DED-9C4B-430C-B027-473476646CBF}.Release|Any CPU.ActiveCfg = Release|Any CPU
		{B7552DED-9C4B-430C-B027-473476646CBF}.Release|Any CPU.Build.0 = Release|Any CPU
		{B301DA58-E84C-4B83-B83E-EBD0802C1322}.Debug|Any CPU.ActiveCfg = Debug|Any CPU
		{B301DA58-E84C-4B83-B83E-EBD0802C1322}.Debug|Any CPU.Build.0 = Debug|Any CPU
		{B301DA58-E84C-4B83-B83E-EBD0802C1322}.Release|Any CPU.ActiveCfg = Release|Any CPU
		{B301DA58-E84C-4B83-B83E-EBD0802C1322}.Release|Any CPU.Build.0 = Release|Any CPU
		{535EC693-52E7-40A0-91DD-3443C68EB420}.Debug|Any CPU.ActiveCfg = Debug|Any CPU
		{535EC693-52E7-40A0-91DD-3443C68EB420}.Debug|Any CPU.Build.0 = Debug|Any CPU
		{535EC693-52E7-40A0-91DD-3443C68EB420}.Release|Any CPU.ActiveCfg = Release|Any CPU
		{535EC693-52E7-40A0-91DD-3443C68EB420}.Release|Any CPU.Build.0 = Release|Any CPU
	EndGlobalSection
	GlobalSection(SolutionProperties) = preSolution
		HideSolutionNode = FALSE
	EndGlobalSection
	GlobalSection(NestedProjects) = preSolution
		{B3730D59-EED4-47E0-B86F-51AEA4738CF2} = {54C67347-DB2E-4178-AE29-F0B1F958EC01}
		{B7552DED-9C4B-430C-B027-473476646CBF} = {54C67347-DB2E-4178-AE29-F0B1F958EC01}
		{924D252B-00F2-4770-A15F-E5EAEEF6CF53} = {0A5527CA-13FE-4E5D-A2FA-1E6590D7E296}
		{FAF4B418-FACD-4AF8-AB38-8B1FD2EB8369} = {6B1280D2-0A60-43B6-9A43-47B46A9E7D08}
		{4846C8E5-BD29-4B64-ABAA-AAE71B789961} = {FAF4B418-FACD-4AF8-AB38-8B1FD2EB8369}
		{B301DA58-E84C-4B83-B83E-EBD0802C1322} = {B097E089-8988-4815-8D2B-41D22B6753D7}
		{535EC693-52E7-40A0-91DD-3443C68EB420} = {8A5E14A6-9130-4CD3-A6E6-D2D1AE8D8F3D}
	EndGlobalSection
EndGlobal
